
Microsoft Visual Studio Solution File, Format Version 12.00
# Visual Studio Version 17
VisualStudioVersion = 17.7.34202.233
MinimumVisualStudioVersion = 10.0.40219.1
Project("{FAE04EC0-301F-11D3-BF4B-00C04F79EFBC}") = "petla1", "petla1.csproj", "{7B584CA9-9640-4538-9572-CA2467FF799C}"
EndProject
Global
	GlobalSection(SolutionConfigurationPlatforms) = preSolution
		Debug|Any CPU = Debug|Any CPU
		Release|Any CPU = Release|Any CPU
	EndGlobalSection
	GlobalSection(ProjectConfigurationPlatforms) = postSolution
		{7B584CA9-9640-4538-9572-CA2467FF799C}.Debug|Any CPU.ActiveCfg = Debug|Any CPU
		{7B584CA9-9640-4538-9572-CA2467FF799C}.Debug|Any CPU.Build.0 = Debug|Any CPU
		{7B584CA9-9640-4538-9572-CA2467FF799C}.Release|Any CPU.ActiveCfg = Release|Any CPU
		{7B584CA9-9640-4538-9572-CA2467FF799C}.Release|Any CPU.Build.0 = Release|Any CPU
	EndGlobalSection
	GlobalSection(SolutionProperties) = preSolution
		HideSolutionNode = FALSE
	EndGlobalSection
	GlobalSection(ExtensibilityGlobals) = postSolution
		SolutionGuid = {25C4FE5C-2DF6-4E87-8AD0-80076DC3F4EC}
	EndGlobalSection
EndGlobal
