
Microsoft Visual Studio Solution File, Format Version 12.00
# Visual Studio Version 17
VisualStudioVersion = 17.7.34202.233
MinimumVisualStudioVersion = 10.0.40219.1
Project("{FAE04EC0-301F-11D3-BF4B-00C04F79EFBC}") = "Pitagoras", "Pitagoras.csproj", "{3A797B6E-6801-4836-8F1A-46C0D19E08BE}"
EndProject
Global
	GlobalSection(SolutionConfigurationPlatforms) = preSolution
		Debug|Any CPU = Debug|Any CPU
		Release|Any CPU = Release|Any CPU
	EndGlobalSection
	GlobalSection(ProjectConfigurationPlatforms) = postSolution
		{3A797B6E-6801-4836-8F1A-46C0D19E08BE}.Debug|Any CPU.ActiveCfg = Debug|Any CPU
		{3A797B6E-6801-4836-8F1A-46C0D19E08BE}.Debug|Any CPU.Build.0 = Debug|Any CPU
		{3A797B6E-6801-4836-8F1A-46C0D19E08BE}.Release|Any CPU.ActiveCfg = Release|Any CPU
		{3A797B6E-6801-4836-8F1A-46C0D19E08BE}.Release|Any CPU.Build.0 = Release|Any CPU
	EndGlobalSection
	GlobalSection(SolutionProperties) = preSolution
		HideSolutionNode = FALSE
	EndGlobalSection
	GlobalSection(ExtensibilityGlobals) = postSolution
		SolutionGuid = {01A0C4FD-9B5A-451C-96EA-193FB08C2F3A}
	EndGlobalSection
EndGlobal
