
Microsoft Visual Studio Solution File, Format Version 12.00
# Visual Studio Version 17
VisualStudioVersion = 17.7.34202.233
MinimumVisualStudioVersion = 10.0.40219.1
Project("{FAE04EC0-301F-11D3-BF4B-00C04F79EFBC}") = "While", "While.csproj", "{B3FE8FCB-73A1-49F5-965F-CA98C0CA2930}"
EndProject
Global
	GlobalSection(SolutionConfigurationPlatforms) = preSolution
		Debug|Any CPU = Debug|Any CPU
		Release|Any CPU = Release|Any CPU
	EndGlobalSection
	GlobalSection(ProjectConfigurationPlatforms) = postSolution
		{B3FE8FCB-73A1-49F5-965F-CA98C0CA2930}.Debug|Any CPU.ActiveCfg = Debug|Any CPU
		{B3FE8FCB-73A1-49F5-965F-CA98C0CA2930}.Debug|Any CPU.Build.0 = Debug|Any CPU
		{B3FE8FCB-73A1-49F5-965F-CA98C0CA2930}.Release|Any CPU.ActiveCfg = Release|Any CPU
		{B3FE8FCB-73A1-49F5-965F-CA98C0CA2930}.Release|Any CPU.Build.0 = Release|Any CPU
	EndGlobalSection
	GlobalSection(SolutionProperties) = preSolution
		HideSolutionNode = FALSE
	EndGlobalSection
	GlobalSection(ExtensibilityGlobals) = postSolution
		SolutionGuid = {CF83C642-9C23-4E7B-865A-D4CC938A3BF8}
	EndGlobalSection
EndGlobal
